
Microsoft Visual Studio Solution File, Format Version 12.00
# Visual Studio Version 17
VisualStudioVersion = 17.11.35312.102
MinimumVisualStudioVersion = 10.0.40219.1
Project("{9A19103F-16F7-4668-BE54-9A1E7A4F7556}") = "PokeTorneio", "PokeTorneio.csproj", "{1CD6BDBC-4540-4E76-98A9-F12B2DECBEE5}"
EndProject
Global
	GlobalSection(SolutionConfigurationPlatforms) = preSolution
		Debug|Any CPU = Debug|Any CPU
		Release|Any CPU = Release|Any CPU
	EndGlobalSection
	GlobalSection(ProjectConfigurationPlatforms) = postSolution
		{1CD6BDBC-4540-4E76-98A9-F12B2DECBEE5}.Debug|Any CPU.ActiveCfg = Debug|Any CPU
		{1CD6BDBC-4540-4E76-98A9-F12B2DECBEE5}.Debug|Any CPU.Build.0 = Debug|Any CPU
		{1CD6BDBC-4540-4E76-98A9-F12B2DECBEE5}.Release|Any CPU.ActiveCfg = Release|Any CPU
		{1CD6BDBC-4540-4E76-98A9-F12B2DECBEE5}.Release|Any CPU.Build.0 = Release|Any CPU
	EndGlobalSection
	GlobalSection(SolutionProperties) = preSolution
		HideSolutionNode = FALSE
	EndGlobalSection
	GlobalSection(ExtensibilityGlobals) = postSolution
		SolutionGuid = {ABF728F1-64B8-495C-BF68-213A18C8FB50}
	EndGlobalSection
EndGlobal
